
Microsoft Visual Studio Solution File, Format Version 12.00
# Visual Studio Version 17
VisualStudioVersion = 17.7.34221.43
MinimumVisualStudioVersion = 10.0.40219.1
Project("{FAE04EC0-301F-11D3-BF4B-00C04F79EFBC}") = "WpfApp5", "WpfApp5\WpfApp5.csproj", "{0A8C01EF-1101-4F65-9C41-D7FF193E7282}"
EndProject
Global
	GlobalSection(SolutionConfigurationPlatforms) = preSolution
		Debug|Any CPU = Debug|Any CPU
		Release|Any CPU = Release|Any CPU
	EndGlobalSection
	GlobalSection(ProjectConfigurationPlatforms) = postSolution
		{0A8C01EF-1101-4F65-9C41-D7FF193E7282}.Debug|Any CPU.ActiveCfg = Debug|Any CPU
		{0A8C01EF-1101-4F65-9C41-D7FF193E7282}.Debug|Any CPU.Build.0 = Debug|Any CPU
		{0A8C01EF-1101-4F65-9C41-D7FF193E7282}.Release|Any CPU.ActiveCfg = Release|Any CPU
		{0A8C01EF-1101-4F65-9C41-D7FF193E7282}.Release|Any CPU.Build.0 = Release|Any CPU
	EndGlobalSection
	GlobalSection(SolutionProperties) = preSolution
		HideSolutionNode = FALSE
	EndGlobalSection
	GlobalSection(ExtensibilityGlobals) = postSolution
		SolutionGuid = {27AB8E7E-9971-4ACC-A505-C0FFBD014E11}
	EndGlobalSection
EndGlobal
